{
    "version": 3,
    "terraform_version": "0.11.2",
    "serial": 42,
    "lineage": "7c8c7bcb-cdf9-4140-8191-e628afb1181f",
    "modules": [
        {
            "path": [
                "root"
            ],
            "outputs": {},
            "resources": {
                "aws_instance.example": {
                    "type": "aws_instance",
                    "depends_on": [
                        "aws_key_pair.ansible-gogs"
                    ],
                    "primary": {
                        "id": "i-0a57eed4d2594ee0c",
                        "attributes": {
                            "ami": "ami-2d39803a",
                            "associate_public_ip_address": "true",
                            "availability_zone": "us-east-1a",
                            "disable_api_termination": "false",
                            "ebs_block_device.#": "0",
                            "ebs_optimized": "false",
                            "ephemeral_block_device.#": "0",
                            "iam_instance_profile": "",
                            "id": "i-0a57eed4d2594ee0c",
                            "instance_state": "running",
                            "instance_type": "t2.micro",
                            "ipv6_addresses.#": "0",
                            "key_name": "ans-gogs",
                            "monitoring": "false",
                            "network_interface.#": "0",
                            "network_interface_id": "eni-dcd05811",
                            "placement_group": "",
                            "primary_network_interface_id": "eni-dcd05811",
                            "private_dns": "ip-172-31-92-82.ec2.internal",
                            "private_ip": "172.31.92.82",
                            "public_dns": "ec2-54-224-248-185.compute-1.amazonaws.com",
                            "public_ip": "54.224.248.185",
                            "root_block_device.#": "1",
                            "root_block_device.0.delete_on_termination": "true",
                            "root_block_device.0.iops": "100",
                            "root_block_device.0.volume_id": "vol-0341e811869b89395",
                            "root_block_device.0.volume_size": "8",
                            "root_block_device.0.volume_type": "gp2",
                            "security_groups.#": "1",
                            "security_groups.480378657": "default",
                            "source_dest_check": "true",
                            "subnet_id": "subnet-f690e0d9",
                            "tags.%": "1",
                            "tags.Name": "terraform-example",
                            "tenancy": "default",
                            "volume_tags.%": "0",
                            "vpc_security_group_ids.#": "0"
                        },
                        "meta": {
                            "e2bfb730-ecaa-11e6-8f88-34363bc7c4c0": {
                                "create": 600000000000,
                                "delete": 600000000000,
                                "update": 600000000000
                            },
                            "schema_version": "1"
                        },
                        "tainted": false
                    },
                    "deposed": [],
                    "provider": "provider.aws"
                },
                "aws_key_pair.ansible-gogs": {
                    "type": "aws_key_pair",
                    "depends_on": [],
                    "primary": {
                        "id": "ans-gogs",
                        "attributes": {
                            "id": "ans-gogs",
                            "key_name": "ans-gogs",
                            "public_key": "ssh-rsa AAAAB3NzaC1yc2EAAAADAQABAAABAQC/CsFXjzGPmy+01REmQ2rJL2x+bTBPk7natBt+TUD9rbGwhIMYl/zWNer4MDWt+DXKoerZXZtgMFaPLnJ8/2zIF5CJd/zx7RiJljsKWVP5sbTtp6yuTZD8LW3mWtrhfT00YQDJs2qThYbLcYbyy9cgFvoI1d7JU+i6fUPd48Z6WX4qo7/PvAB52heMsLAWwWBCN8sAK+CH3anEpO8wwlfZOCMuAOdW2G0rE7VT5yxpdNMwoRuLnyaqDqjUBHca3u0088MU3Jlm+bsDCMDPvjC7nWaSv/Ibuuavkh5nZFrk5GM0oKTDdUiXB+Nnq6LIFzKvh7MuMUKEv/glE1YndyH5 ans-gogs"
                        },
                        "meta": {
                            "schema_version": "1"
                        },
                        "tainted": false
                    },
                    "deposed": [],
                    "provider": "provider.aws"
                },
                "aws_security_group.allow_ssh": {
                    "type": "aws_security_group",
                    "depends_on": [],
                    "primary": {
                        "id": "sg-a879c0df",
                        "attributes": {
                            "description": "Managed by Terraform",
                            "egress.#": "0",
                            "id": "sg-a879c0df",
                            "ingress.#": "1",
                            "ingress.1753530290.cidr_blocks.#": "1",
                            "ingress.1753530290.cidr_blocks.0": "0.0.0.0/0",
                            "ingress.1753530290.description": "",
                            "ingress.1753530290.from_port": "22",
                            "ingress.1753530290.ipv6_cidr_blocks.#": "0",
                            "ingress.1753530290.protocol": "tcp",
                            "ingress.1753530290.security_groups.#": "0",
                            "ingress.1753530290.self": "false",
                            "ingress.1753530290.to_port": "22",
                            "name": "Asllow ssh connection on port 22",
                            "owner_id": "343021918386",
                            "revoke_rules_on_delete": "false",
                            "tags.%": "0",
                            "vpc_id": "vpc-7f6a7007"
                        },
                        "meta": {
                            "schema_version": "1"
                        },
                        "tainted": false
                    },
                    "deposed": [],
                    "provider": "provider.aws"
                }
            },
            "depends_on": []
        }
    ]
}
